github.com/r2k1/gomod-versioning-1a v1.0.0 h1:idX3bKuPjHoo2P+5x/BDbr+znILkcbOSJK9tk7zsd8o=
github.com/r2k1/gomod-versioning-1a v1.0.0/go.mod h1:vqKzsNWAKNgzGZYSEuHPRRXEKaN6Pr7LrQ0yMK5HcrE=
github.com/r2k1/gomod-versioning-2a v1.0.0 h1:78iAHaug6/pZYjWdEpzNk62pQ0SiwxciTYJ7rfkz8lU=
github.com/r2k1/gomod-versioning-2a v1.0.0/go.mod h1:qy9rNnpanaktUVFrfTyFuYF7liS99qrSgAYMjWoFpg8=
